
Microsoft Visual Studio Solution File, Format Version 12.00
# Visual Studio Version 16
VisualStudioVersion = 16.0.30804.86
MinimumVisualStudioVersion = 10.0.40219.1
Project("{2150E333-8FDC-42A3-9474-1A3956D46DE8}") = ".root", ".root", "{AC3D1AFC-90AF-4A73-A65E-127E08AA01A2}"
	ProjectSection(SolutionItems) = preProject
		.editorconfig = .editorconfig
		.gitattributes = .gitattributes
		.gitignore = .gitignore
		Directory.Build.props = Directory.Build.props
		Directory.Build.targets = Directory.Build.targets
		LICENSE.md = LICENSE.md
		NathanAldenSr.VorpalEngine.snk = NathanAldenSr.VorpalEngine.snk
	EndProjectSection
EndProject
Project("{2150E333-8FDC-42A3-9474-1A3956D46DE8}") = "source", "source", "{24F1FCF9-1AA9-4F87-8AB2-08795D4ACC91}"
	ProjectSection(SolutionItems) = preProject
		source\Directory.Build.props = source\Directory.Build.props
		source\Directory.Build.targets = source\Directory.Build.targets
	EndProjectSection
EndProject
Project("{9A19103F-16F7-4668-BE54-9A1E7A4F7556}") = "Common", "source\Common\Common.csproj", "{F796805A-577E-42D7-9D1A-68B7B0C5880B}"
EndProject
Project("{9A19103F-16F7-4668-BE54-9A1E7A4F7556}") = "Configuration", "source\Configuration\Configuration.csproj", "{4B9D8FF7-7BBC-4ABD-B78A-87E10452AD32}"
EndProject
Project("{9A19103F-16F7-4668-BE54-9A1E7A4F7556}") = "Messaging", "source\Messaging\Messaging.csproj", "{A6AAFE89-413A-4E3F-8A27-61573C60FC6D}"
EndProject
Project("{9A19103F-16F7-4668-BE54-9A1E7A4F7556}") = "Input.Mouse", "source\Input.Mouse\Input.Mouse.csproj", "{7EBDF489-87A9-4EF7-9C86-E930FDED0D6C}"
EndProject
Project("{9A19103F-16F7-4668-BE54-9A1E7A4F7556}") = "Input.Mouse.Legacy", "source\Input.Mouse.Legacy\Input.Mouse.Legacy.csproj", "{B7AEDD1F-591D-4D63-9859-AAC5B40C9EC4}"
EndProject
Project("{9A19103F-16F7-4668-BE54-9A1E7A4F7556}") = "Logging", "source\Logging\Logging.csproj", "{8843B1A2-9CB8-4637-8259-CEFE462C99C0}"
EndProject
Project("{9A19103F-16F7-4668-BE54-9A1E7A4F7556}") = "Common.Windows", "source\Common.Windows\Common.Windows.csproj", "{F45D0F5B-D168-46A0-A753-BF0F821D9F95}"
EndProject
Project("{FAE04EC0-301F-11D3-BF4B-00C04F79EFBC}") = "Input.Mouse.RawInput", "source\Input.Mouse.RawInput\Input.Mouse.RawInput.csproj", "{5B278882-3F38-4D5E-8467-4C084B5EC15B}"
EndProject
Project("{FAE04EC0-301F-11D3-BF4B-00C04F79EFBC}") = "Input.Keyboard", "source\Input.Keyboard\Input.Keyboard.csproj", "{780CD37D-9975-44FF-9B04-BAA7BE9560C9}"
EndProject
Project("{9A19103F-16F7-4668-BE54-9A1E7A4F7556}") = "Input.Controller.Hid", "source\Input.Controller.Hid\Input.Controller.Hid.csproj", "{CD0F5A0B-3A0A-40C5-B80B-8DB506102C85}"
EndProject
Global
	GlobalSection(SolutionConfigurationPlatforms) = preSolution
		Debug|Any CPU = Debug|Any CPU
		Release|Any CPU = Release|Any CPU
	EndGlobalSection
	GlobalSection(ProjectConfigurationPlatforms) = postSolution
		{F796805A-577E-42D7-9D1A-68B7B0C5880B}.Debug|Any CPU.ActiveCfg = Debug|Any CPU
		{F796805A-577E-42D7-9D1A-68B7B0C5880B}.Debug|Any CPU.Build.0 = Debug|Any CPU
		{F796805A-577E-42D7-9D1A-68B7B0C5880B}.Release|Any CPU.ActiveCfg = Release|Any CPU
		{F796805A-577E-42D7-9D1A-68B7B0C5880B}.Release|Any CPU.Build.0 = Release|Any CPU
		{4B9D8FF7-7BBC-4ABD-B78A-87E10452AD32}.Debug|Any CPU.ActiveCfg = Debug|Any CPU
		{4B9D8FF7-7BBC-4ABD-B78A-87E10452AD32}.Debug|Any CPU.Build.0 = Debug|Any CPU
		{4B9D8FF7-7BBC-4ABD-B78A-87E10452AD32}.Release|Any CPU.ActiveCfg = Release|Any CPU
		{4B9D8FF7-7BBC-4ABD-B78A-87E10452AD32}.Release|Any CPU.Build.0 = Release|Any CPU
		{A6AAFE89-413A-4E3F-8A27-61573C60FC6D}.Debug|Any CPU.ActiveCfg = Debug|Any CPU
		{A6AAFE89-413A-4E3F-8A27-61573C60FC6D}.Debug|Any CPU.Build.0 = Debug|Any CPU
		{A6AAFE89-413A-4E3F-8A27-61573C60FC6D}.Release|Any CPU.ActiveCfg = Release|Any CPU
		{A6AAFE89-413A-4E3F-8A27-61573C60FC6D}.Release|Any CPU.Build.0 = Release|Any CPU
		{7EBDF489-87A9-4EF7-9C86-E930FDED0D6C}.Debug|Any CPU.ActiveCfg = Debug|Any CPU
		{7EBDF489-87A9-4EF7-9C86-E930FDED0D6C}.Debug|Any CPU.Build.0 = Debug|Any CPU
		{7EBDF489-87A9-4EF7-9C86-E930FDED0D6C}.Release|Any CPU.ActiveCfg = Release|Any CPU
		{7EBDF489-87A9-4EF7-9C86-E930FDED0D6C}.Release|Any CPU.Build.0 = Release|Any CPU
		{B7AEDD1F-591D-4D63-9859-AAC5B40C9EC4}.Debug|Any CPU.ActiveCfg = Debug|Any CPU
		{B7AEDD1F-591D-4D63-9859-AAC5B40C9EC4}.Debug|Any CPU.Build.0 = Debug|Any CPU
		{B7AEDD1F-591D-4D63-9859-AAC5B40C9EC4}.Release|Any CPU.ActiveCfg = Release|Any CPU
		{B7AEDD1F-591D-4D63-9859-AAC5B40C9EC4}.Release|Any CPU.Build.0 = Release|Any CPU
		{8843B1A2-9CB8-4637-8259-CEFE462C99C0}.Debug|Any CPU.ActiveCfg = Debug|Any CPU
		{8843B1A2-9CB8-4637-8259-CEFE462C99C0}.Debug|Any CPU.Build.0 = Debug|Any CPU
		{8843B1A2-9CB8-4637-8259-CEFE462C99C0}.Release|Any CPU.ActiveCfg = Release|Any CPU
		{8843B1A2-9CB8-4637-8259-CEFE462C99C0}.Release|Any CPU.Build.0 = Release|Any CPU
		{F45D0F5B-D168-46A0-A753-BF0F821D9F95}.Debug|Any CPU.ActiveCfg = Debug|Any CPU
		{F45D0F5B-D168-46A0-A753-BF0F821D9F95}.Debug|Any CPU.Build.0 = Debug|Any CPU
		{F45D0F5B-D168-46A0-A753-BF0F821D9F95}.Release|Any CPU.ActiveCfg = Release|Any CPU
		{F45D0F5B-D168-46A0-A753-BF0F821D9F95}.Release|Any CPU.Build.0 = Release|Any CPU
		{5B278882-3F38-4D5E-8467-4C084B5EC15B}.Debug|Any CPU.ActiveCfg = Debug|Any CPU
		{5B278882-3F38-4D5E-8467-4C084B5EC15B}.Debug|Any CPU.Build.0 = Debug|Any CPU
		{5B278882-3F38-4D5E-8467-4C084B5EC15B}.Release|Any CPU.ActiveCfg = Release|Any CPU
		{5B278882-3F38-4D5E-8467-4C084B5EC15B}.Release|Any CPU.Build.0 = Release|Any CPU
		{780CD37D-9975-44FF-9B04-BAA7BE9560C9}.Debug|Any CPU.ActiveCfg = Debug|Any CPU
		{780CD37D-9975-44FF-9B04-BAA7BE9560C9}.Debug|Any CPU.Build.0 = Debug|Any CPU
		{780CD37D-9975-44FF-9B04-BAA7BE9560C9}.Release|Any CPU.ActiveCfg = Release|Any CPU
		{780CD37D-9975-44FF-9B04-BAA7BE9560C9}.Release|Any CPU.Build.0 = Release|Any CPU
		{CD0F5A0B-3A0A-40C5-B80B-8DB506102C85}.Debug|Any CPU.ActiveCfg = Debug|Any CPU
		{CD0F5A0B-3A0A-40C5-B80B-8DB506102C85}.Debug|Any CPU.Build.0 = Debug|Any CPU
		{CD0F5A0B-3A0A-40C5-B80B-8DB506102C85}.Release|Any CPU.ActiveCfg = Release|Any CPU
		{CD0F5A0B-3A0A-40C5-B80B-8DB506102C85}.Release|Any CPU.Build.0 = Release|Any CPU
	EndGlobalSection
	GlobalSection(SolutionProperties) = preSolution
		HideSolutionNode = FALSE
	EndGlobalSection
	GlobalSection(NestedProjects) = preSolution
		{F796805A-577E-42D7-9D1A-68B7B0C5880B} = {24F1FCF9-1AA9-4F87-8AB2-08795D4ACC91}
		{4B9D8FF7-7BBC-4ABD-B78A-87E10452AD32} = {24F1FCF9-1AA9-4F87-8AB2-08795D4ACC91}
		{A6AAFE89-413A-4E3F-8A27-61573C60FC6D} = {24F1FCF9-1AA9-4F87-8AB2-08795D4ACC91}
		{7EBDF489-87A9-4EF7-9C86-E930FDED0D6C} = {24F1FCF9-1AA9-4F87-8AB2-08795D4ACC91}
		{B7AEDD1F-591D-4D63-9859-AAC5B40C9EC4} = {24F1FCF9-1AA9-4F87-8AB2-08795D4ACC91}
		{8843B1A2-9CB8-4637-8259-CEFE462C99C0} = {24F1FCF9-1AA9-4F87-8AB2-08795D4ACC91}
		{F45D0F5B-D168-46A0-A753-BF0F821D9F95} = {24F1FCF9-1AA9-4F87-8AB2-08795D4ACC91}
		{5B278882-3F38-4D5E-8467-4C084B5EC15B} = {24F1FCF9-1AA9-4F87-8AB2-08795D4ACC91}
		{780CD37D-9975-44FF-9B04-BAA7BE9560C9} = {24F1FCF9-1AA9-4F87-8AB2-08795D4ACC91}
		{CD0F5A0B-3A0A-40C5-B80B-8DB506102C85} = {24F1FCF9-1AA9-4F87-8AB2-08795D4ACC91}
	EndGlobalSection
	GlobalSection(ExtensibilityGlobals) = postSolution
		SolutionGuid = {BD27B47D-5064-4409-93B6-69D1BA97D44A}
	EndGlobalSection
EndGlobal
